
Microsoft Visual Studio Solution File, Format Version 12.00
# Visual Studio Version 16
VisualStudioVersion = 16.0.31702.278
MinimumVisualStudioVersion = 10.0.40219.1
Project("{8BC9CEB8-8B4A-11D0-8D11-00A0C91BC942}") = "ComputerGraphics", "ComputerGraphics\ComputerGraphics.vcxproj", "{EF3FDAC6-E8B7-4902-AEC3-77C399AB9B43}"
EndProject
Global
	GlobalSection(SolutionConfigurationPlatforms) = preSolution
		Debug|x64 = Debug|x64
		Debug|x86 = Debug|x86
		Release|x64 = Release|x64
		Release|x86 = Release|x86
	EndGlobalSection
	GlobalSection(ProjectConfigurationPlatforms) = postSolution
		{EF3FDAC6-E8B7-4902-AEC3-77C399AB9B43}.Debug|x64.ActiveCfg = Debug|x64
		{EF3FDAC6-E8B7-4902-AEC3-77C399AB9B43}.Debug|x64.Build.0 = Debug|x64
		{EF3FDAC6-E8B7-4902-AEC3-77C399AB9B43}.Debug|x86.ActiveCfg = Debug|Win32
		{EF3FDAC6-E8B7-4902-AEC3-77C399AB9B43}.Debug|x86.Build.0 = Debug|Win32
		{EF3FDAC6-E8B7-4902-AEC3-77C399AB9B43}.Release|x64.ActiveCfg = Release|x64
		{EF3FDAC6-E8B7-4902-AEC3-77C399AB9B43}.Release|x64.Build.0 = Release|x64
		{EF3FDAC6-E8B7-4902-AEC3-77C399AB9B43}.Release|x86.ActiveCfg = Release|Win32
		{EF3FDAC6-E8B7-4902-AEC3-77C399AB9B43}.Release|x86.Build.0 = Release|Win32
	EndGlobalSection
	GlobalSection(SolutionProperties) = preSolution
		HideSolutionNode = FALSE
	EndGlobalSection
	GlobalSection(ExtensibilityGlobals) = postSolution
		SolutionGuid = {7F21A4B0-C647-4528-BBAD-B7B95455E8B0}
	EndGlobalSection
EndGlobal
